
Microsoft Visual Studio Solution File, Format Version 12.00
# Visual Studio Version 17
VisualStudioVersion = 17.3.32901.215
MinimumVisualStudioVersion = 10.0.40219.1
Project("{FAE04EC0-301F-11D3-BF4B-00C04F79EFBC}") = "Play’n’Pay", "Play’n’Pay\Play’n’Pay.csproj", "{7DE33A4A-EA50-4D9F-B058-2EA7C071DE11}"
EndProject
Global
	GlobalSection(SolutionConfigurationPlatforms) = preSolution
		Debug|Any CPU = Debug|Any CPU
		Release|Any CPU = Release|Any CPU
	EndGlobalSection
	GlobalSection(ProjectConfigurationPlatforms) = postSolution
		{7DE33A4A-EA50-4D9F-B058-2EA7C071DE11}.Debug|Any CPU.ActiveCfg = Debug|Any CPU
		{7DE33A4A-EA50-4D9F-B058-2EA7C071DE11}.Debug|Any CPU.Build.0 = Debug|Any CPU
		{7DE33A4A-EA50-4D9F-B058-2EA7C071DE11}.Release|Any CPU.ActiveCfg = Release|Any CPU
		{7DE33A4A-EA50-4D9F-B058-2EA7C071DE11}.Release|Any CPU.Build.0 = Release|Any CPU
	EndGlobalSection
	GlobalSection(SolutionProperties) = preSolution
		HideSolutionNode = FALSE
	EndGlobalSection
	GlobalSection(ExtensibilityGlobals) = postSolution
		SolutionGuid = {A676052B-0D2A-472B-BE94-26EA0B4FFD51}
	EndGlobalSection
EndGlobal
